PODS:
  - HYAlbum (0.5):
    - HYDBCache (~> 0.9)
  - HYDBCache (0.9)

DEPENDENCIES:
  - HYAlbum (from `../`)

EXTERNAL SOURCES:
  HYAlbum:
    :path: "../"

SPEC CHECKSUMS:
  HYAlbum: 5b03588efd89b3ec7efe588126692be0bf4db835
  HYDBCache: 41fa6079b294f876f7934e9df062d26b62c5a07c

PODFILE CHECKSUM: af376f954bc8b35fc09652450c43d5de629b5a45

COCOAPODS: 1.2.1
