PODS:
  - Expecta (1.0.5)
  - HYAlbum (0.5):
    - HYAlbum/AlbumManager (= 0.5)
    - HYAlbum/AlbumUI (= 0.5)
  - HYAlbum/AlbumManager (0.5):
    - HYCache
  - HYAlbum/AlbumUI (0.5):
    - HYAlbum/AlbumManager
  - HYCache (0.4)
  - Specta (1.0.5)

DEPENDENCIES:
  - Expecta
  - HYAlbum (from `../`)
  - HYCache (~> 0.3)
  - Specta

EXTERNAL SOURCES:
  HYAlbum:
    :path: ../

SPEC CHECKSUMS:
  Expecta: e1c022fcd33910b6be89c291d2775b3fe27a89fe
  HYAlbum: e8e8f2f6b83a3ce7d6323bf4bdfe278b4726c861
  HYCache: 6f6d8d576b0dd66547c1c586586fec50a33e838a
  Specta: ac94d110b865115fe60ff2c6d7281053c6f8e8a2

COCOAPODS: 0.39.0
